
Microsoft Visual Studio Solution File, Format Version 12.00
# Visual Studio 15
VisualStudioVersion = 15.0.26124.0
MinimumVisualStudioVersion = 15.0.26124.0
Project("{FAE04EC0-301F-11D3-BF4B-00C04F79EFBC}") = "ServiceDemo.Api", "src\ServiceDemo.Api\ServiceDemo.Api.csproj", "{77E611A3-9A32-4A7E-A9E9-9B130A249D5A}"
EndProject
#if (useAutomation)
Project("{9A19103F-16F7-4668-BE54-9A1E7A4F7556}") = "_build", "build\_build.csproj", "{9B21D099-26CB-4D25-8C5E-F9ED07A0C18B}"
EndProject
#endif
Project("{FAE04EC0-301F-11D3-BF4B-00C04F79EFBC}") = "ServiceDemo.Api.Tests", "tests\ServiceDemo.Api.Tests\ServiceDemo.Api.Tests.csproj", "{BF8ED7F0-02FB-4145-9C7C-4AD832B937BE}"
EndProject
Global
	GlobalSection(SolutionConfigurationPlatforms) = preSolution
		Debug|Any CPU = Debug|Any CPU
		Debug|x64 = Debug|x64
		Debug|x86 = Debug|x86
		Release|Any CPU = Release|Any CPU
		Release|x64 = Release|x64
		Release|x86 = Release|x86
	EndGlobalSection
	GlobalSection(SolutionProperties) = preSolution
		HideSolutionNode = FALSE
	EndGlobalSection
	GlobalSection(ProjectConfigurationPlatforms) = postSolution
		{9B21D099-26CB-4D25-8C5E-F9ED07A0C18B}.Debug|Any CPU.ActiveCfg = Debug|Any CPU
		{9B21D099-26CB-4D25-8C5E-F9ED07A0C18B}.Release|Any CPU.ActiveCfg = Release|Any CPU
		{77E611A3-9A32-4A7E-A9E9-9B130A249D5A}.Debug|Any CPU.ActiveCfg = Debug|Any CPU
		{77E611A3-9A32-4A7E-A9E9-9B130A249D5A}.Debug|Any CPU.Build.0 = Debug|Any CPU
		{77E611A3-9A32-4A7E-A9E9-9B130A249D5A}.Debug|x64.ActiveCfg = Debug|Any CPU
		{77E611A3-9A32-4A7E-A9E9-9B130A249D5A}.Debug|x64.Build.0 = Debug|Any CPU
		{77E611A3-9A32-4A7E-A9E9-9B130A249D5A}.Debug|x86.ActiveCfg = Debug|Any CPU
		{77E611A3-9A32-4A7E-A9E9-9B130A249D5A}.Debug|x86.Build.0 = Debug|Any CPU
		{77E611A3-9A32-4A7E-A9E9-9B130A249D5A}.Release|Any CPU.ActiveCfg = Release|Any CPU
		{77E611A3-9A32-4A7E-A9E9-9B130A249D5A}.Release|Any CPU.Build.0 = Release|Any CPU
		{77E611A3-9A32-4A7E-A9E9-9B130A249D5A}.Release|x64.ActiveCfg = Release|Any CPU
		{77E611A3-9A32-4A7E-A9E9-9B130A249D5A}.Release|x64.Build.0 = Release|Any CPU
		{77E611A3-9A32-4A7E-A9E9-9B130A249D5A}.Release|x86.ActiveCfg = Release|Any CPU
		{77E611A3-9A32-4A7E-A9E9-9B130A249D5A}.Release|x86.Build.0 = Release|Any CPU
		{BF8ED7F0-02FB-4145-9C7C-4AD832B937BE}.Debug|Any CPU.ActiveCfg = Debug|Any CPU
		{BF8ED7F0-02FB-4145-9C7C-4AD832B937BE}.Debug|Any CPU.Build.0 = Debug|Any CPU
		{BF8ED7F0-02FB-4145-9C7C-4AD832B937BE}.Debug|x64.ActiveCfg = Debug|Any CPU
		{BF8ED7F0-02FB-4145-9C7C-4AD832B937BE}.Debug|x64.Build.0 = Debug|Any CPU
		{BF8ED7F0-02FB-4145-9C7C-4AD832B937BE}.Debug|x86.ActiveCfg = Debug|Any CPU
		{BF8ED7F0-02FB-4145-9C7C-4AD832B937BE}.Debug|x86.Build.0 = Debug|Any CPU
		{BF8ED7F0-02FB-4145-9C7C-4AD832B937BE}.Release|Any CPU.ActiveCfg = Release|Any CPU
		{BF8ED7F0-02FB-4145-9C7C-4AD832B937BE}.Release|Any CPU.Build.0 = Release|Any CPU
		{BF8ED7F0-02FB-4145-9C7C-4AD832B937BE}.Release|x64.ActiveCfg = Release|Any CPU
		{BF8ED7F0-02FB-4145-9C7C-4AD832B937BE}.Release|x64.Build.0 = Release|Any CPU
		{BF8ED7F0-02FB-4145-9C7C-4AD832B937BE}.Release|x86.ActiveCfg = Release|Any CPU
		{BF8ED7F0-02FB-4145-9C7C-4AD832B937BE}.Release|x86.Build.0 = Release|Any CPU
	EndGlobalSection
EndGlobal
