
Microsoft Visual Studio Solution File, Format Version 12.00
# Visual Studio 15
VisualStudioVersion = 15.0.26124.0
MinimumVisualStudioVersion = 15.0.26124.0
Project("{2150E333-8FDC-42A3-9474-1A3956D46DE8}") = "src", "src", "{9929E4A4-77D7-4DF6-946D-F79AE613648F}"
EndProject
Project("{FAE04EC0-301F-11D3-BF4B-00C04F79EFBC}") = "DotnetTemplateDemo.Api", "src\DotnetTemplateDemo.Api\DotnetTemplateDemo.Api.csproj", "{77E611A3-9A32-4A7E-A9E9-9B130A249D5A}"
EndProject
Global
	GlobalSection(SolutionConfigurationPlatforms) = preSolution
		Debug|Any CPU = Debug|Any CPU
		Debug|x64 = Debug|x64
		Debug|x86 = Debug|x86
		Release|Any CPU = Release|Any CPU
		Release|x64 = Release|x64
		Release|x86 = Release|x86
	EndGlobalSection
	GlobalSection(SolutionProperties) = preSolution
		HideSolutionNode = FALSE
	EndGlobalSection
	GlobalSection(ProjectConfigurationPlatforms) = postSolution
		{77E611A3-9A32-4A7E-A9E9-9B130A249D5A}.Debug|Any CPU.ActiveCfg = Debug|Any CPU
		{77E611A3-9A32-4A7E-A9E9-9B130A249D5A}.Debug|Any CPU.Build.0 = Debug|Any CPU
		{77E611A3-9A32-4A7E-A9E9-9B130A249D5A}.Debug|x64.ActiveCfg = Debug|Any CPU
		{77E611A3-9A32-4A7E-A9E9-9B130A249D5A}.Debug|x64.Build.0 = Debug|Any CPU
		{77E611A3-9A32-4A7E-A9E9-9B130A249D5A}.Debug|x86.ActiveCfg = Debug|Any CPU
		{77E611A3-9A32-4A7E-A9E9-9B130A249D5A}.Debug|x86.Build.0 = Debug|Any CPU
		{77E611A3-9A32-4A7E-A9E9-9B130A249D5A}.Release|Any CPU.ActiveCfg = Release|Any CPU
		{77E611A3-9A32-4A7E-A9E9-9B130A249D5A}.Release|Any CPU.Build.0 = Release|Any CPU
		{77E611A3-9A32-4A7E-A9E9-9B130A249D5A}.Release|x64.ActiveCfg = Release|Any CPU
		{77E611A3-9A32-4A7E-A9E9-9B130A249D5A}.Release|x64.Build.0 = Release|Any CPU
		{77E611A3-9A32-4A7E-A9E9-9B130A249D5A}.Release|x86.ActiveCfg = Release|Any CPU
		{77E611A3-9A32-4A7E-A9E9-9B130A249D5A}.Release|x86.Build.0 = Release|Any CPU
	EndGlobalSection
	GlobalSection(NestedProjects) = preSolution
		{77E611A3-9A32-4A7E-A9E9-9B130A249D5A} = {9929E4A4-77D7-4DF6-946D-F79AE613648F}
	EndGlobalSection
EndGlobal
